
Microsoft Visual Studio Solution File, Format Version 12.00
# Visual Studio Version 17
VisualStudioVersion = 17.0.32112.339
MinimumVisualStudioVersion = 10.0.40219.1
Project("{8BC9CEB8-8B4A-11D0-8D11-00A0C91BC942}") = "xxHash", "xxHash\xxHash.vcxproj", "{8BDD054E-DA14-4E2B-8FC1-033AFA27E26B}"
EndProject
Project("{8BC9CEB8-8B4A-11D0-8D11-00A0C91BC942}") = "coreTests", "core\coreTests\coreTests.vcxproj", "{49F43A6D-BB47-4EF5-B4F1-6BABE6117E19}"
	ProjectSection(ProjectDependencies) = postProject
		{8BDD054E-DA14-4E2B-8FC1-033AFA27E26B} = {8BDD054E-DA14-4E2B-8FC1-033AFA27E26B}
		{21CF549B-F3C3-4C1D-9589-F186493122EE} = {21CF549B-F3C3-4C1D-9589-F186493122EE}
	EndProjectSection
EndProject
Project("{8BC9CEB8-8B4A-11D0-8D11-00A0C91BC942}") = "core", "core\core.vcxproj", "{21CF549B-F3C3-4C1D-9589-F186493122EE}"
EndProject
Project("{8BC9CEB8-8B4A-11D0-8D11-00A0C91BC942}") = "btree", "btree\btree.vcxproj", "{489E3615-D0A7-45C6-B6F5-35AEEF994160}"
EndProject
Project("{2150E333-8FDC-42A3-9474-1A3956D46DE8}") = "Solution Items", "Solution Items", "{37AB3F5E-F8E1-4C30-AD77-DBA85126DEF7}"
	ProjectSection(SolutionItems) = preProject
		doc\codingStyle.md = doc\codingStyle.md
		howtoPrepareForBuild.txt = howtoPrepareForBuild.txt
		README.md = README.md
		doc\todo.txt = doc\todo.txt
	EndProjectSection
EndProject
Global
	GlobalSection(SolutionConfigurationPlatforms) = preSolution
		Debug|Any CPU = Debug|Any CPU
		Debug|x64 = Debug|x64
		Debug|x86 = Debug|x86
		Release|Any CPU = Release|Any CPU
		Release|x64 = Release|x64
		Release|x86 = Release|x86
	EndGlobalSection
	GlobalSection(ProjectConfigurationPlatforms) = postSolution
		{8BDD054E-DA14-4E2B-8FC1-033AFA27E26B}.Debug|Any CPU.ActiveCfg = Debug|x64
		{8BDD054E-DA14-4E2B-8FC1-033AFA27E26B}.Debug|Any CPU.Build.0 = Debug|x64
		{8BDD054E-DA14-4E2B-8FC1-033AFA27E26B}.Debug|x64.ActiveCfg = Debug|x64
		{8BDD054E-DA14-4E2B-8FC1-033AFA27E26B}.Debug|x64.Build.0 = Debug|x64
		{8BDD054E-DA14-4E2B-8FC1-033AFA27E26B}.Debug|x86.ActiveCfg = Debug|Win32
		{8BDD054E-DA14-4E2B-8FC1-033AFA27E26B}.Debug|x86.Build.0 = Debug|Win32
		{8BDD054E-DA14-4E2B-8FC1-033AFA27E26B}.Release|Any CPU.ActiveCfg = Release|x64
		{8BDD054E-DA14-4E2B-8FC1-033AFA27E26B}.Release|Any CPU.Build.0 = Release|x64
		{8BDD054E-DA14-4E2B-8FC1-033AFA27E26B}.Release|x64.ActiveCfg = Release|x64
		{8BDD054E-DA14-4E2B-8FC1-033AFA27E26B}.Release|x64.Build.0 = Release|x64
		{8BDD054E-DA14-4E2B-8FC1-033AFA27E26B}.Release|x86.ActiveCfg = Release|Win32
		{8BDD054E-DA14-4E2B-8FC1-033AFA27E26B}.Release|x86.Build.0 = Release|Win32
		{49F43A6D-BB47-4EF5-B4F1-6BABE6117E19}.Debug|Any CPU.ActiveCfg = Debug|x64
		{49F43A6D-BB47-4EF5-B4F1-6BABE6117E19}.Debug|Any CPU.Build.0 = Debug|x64
		{49F43A6D-BB47-4EF5-B4F1-6BABE6117E19}.Debug|x64.ActiveCfg = Debug|x64
		{49F43A6D-BB47-4EF5-B4F1-6BABE6117E19}.Debug|x64.Build.0 = Debug|x64
		{49F43A6D-BB47-4EF5-B4F1-6BABE6117E19}.Debug|x86.ActiveCfg = Debug|Win32
		{49F43A6D-BB47-4EF5-B4F1-6BABE6117E19}.Debug|x86.Build.0 = Debug|Win32
		{49F43A6D-BB47-4EF5-B4F1-6BABE6117E19}.Release|Any CPU.ActiveCfg = Release|x64
		{49F43A6D-BB47-4EF5-B4F1-6BABE6117E19}.Release|Any CPU.Build.0 = Release|x64
		{49F43A6D-BB47-4EF5-B4F1-6BABE6117E19}.Release|x64.ActiveCfg = Release|x64
		{49F43A6D-BB47-4EF5-B4F1-6BABE6117E19}.Release|x64.Build.0 = Release|x64
		{49F43A6D-BB47-4EF5-B4F1-6BABE6117E19}.Release|x86.ActiveCfg = Release|Win32
		{49F43A6D-BB47-4EF5-B4F1-6BABE6117E19}.Release|x86.Build.0 = Release|Win32
		{21CF549B-F3C3-4C1D-9589-F186493122EE}.Debug|Any CPU.ActiveCfg = Debug|x64
		{21CF549B-F3C3-4C1D-9589-F186493122EE}.Debug|Any CPU.Build.0 = Debug|x64
		{21CF549B-F3C3-4C1D-9589-F186493122EE}.Debug|x64.ActiveCfg = Debug|x64
		{21CF549B-F3C3-4C1D-9589-F186493122EE}.Debug|x64.Build.0 = Debug|x64
		{21CF549B-F3C3-4C1D-9589-F186493122EE}.Debug|x86.ActiveCfg = Debug|Win32
		{21CF549B-F3C3-4C1D-9589-F186493122EE}.Debug|x86.Build.0 = Debug|Win32
		{21CF549B-F3C3-4C1D-9589-F186493122EE}.Release|Any CPU.ActiveCfg = Release|x64
		{21CF549B-F3C3-4C1D-9589-F186493122EE}.Release|Any CPU.Build.0 = Release|x64
		{21CF549B-F3C3-4C1D-9589-F186493122EE}.Release|x64.ActiveCfg = Release|x64
		{21CF549B-F3C3-4C1D-9589-F186493122EE}.Release|x64.Build.0 = Release|x64
		{21CF549B-F3C3-4C1D-9589-F186493122EE}.Release|x86.ActiveCfg = Release|Win32
		{21CF549B-F3C3-4C1D-9589-F186493122EE}.Release|x86.Build.0 = Release|Win32
		{489E3615-D0A7-45C6-B6F5-35AEEF994160}.Debug|Any CPU.ActiveCfg = Debug|x64
		{489E3615-D0A7-45C6-B6F5-35AEEF994160}.Debug|Any CPU.Build.0 = Debug|x64
		{489E3615-D0A7-45C6-B6F5-35AEEF994160}.Debug|x64.ActiveCfg = Debug|x64
		{489E3615-D0A7-45C6-B6F5-35AEEF994160}.Debug|x64.Build.0 = Debug|x64
		{489E3615-D0A7-45C6-B6F5-35AEEF994160}.Debug|x86.ActiveCfg = Debug|Win32
		{489E3615-D0A7-45C6-B6F5-35AEEF994160}.Debug|x86.Build.0 = Debug|Win32
		{489E3615-D0A7-45C6-B6F5-35AEEF994160}.Release|Any CPU.ActiveCfg = Release|x64
		{489E3615-D0A7-45C6-B6F5-35AEEF994160}.Release|Any CPU.Build.0 = Release|x64
		{489E3615-D0A7-45C6-B6F5-35AEEF994160}.Release|x64.ActiveCfg = Release|x64
		{489E3615-D0A7-45C6-B6F5-35AEEF994160}.Release|x64.Build.0 = Release|x64
		{489E3615-D0A7-45C6-B6F5-35AEEF994160}.Release|x86.ActiveCfg = Release|Win32
		{489E3615-D0A7-45C6-B6F5-35AEEF994160}.Release|x86.Build.0 = Release|Win32
	EndGlobalSection
	GlobalSection(SolutionProperties) = preSolution
		HideSolutionNode = FALSE
	EndGlobalSection
	GlobalSection(ExtensibilityGlobals) = postSolution
		SolutionGuid = {95F1319A-3CD7-4B2A-A32A-AE48D11B14EB}
	EndGlobalSection
EndGlobal
