
Microsoft Visual Studio Solution File, Format Version 12.00
# Visual Studio Version 17
VisualStudioVersion = 17.0.32112.339
MinimumVisualStudioVersion = 10.0.40219.1
Project("{8BC9CEB8-8B4A-11D0-8D11-00A0C91BC942}") = "xxHash", "xxHash\xxHash.vcxproj", "{8BDD054E-DA14-4E2B-8FC1-033AFA27E26B}"
EndProject
Project("{8BC9CEB8-8B4A-11D0-8D11-00A0C91BC942}") = "coreTests", "core\coreTests\coreTests.vcxproj", "{49F43A6D-BB47-4EF5-B4F1-6BABE6117E19}"
	ProjectSection(ProjectDependencies) = postProject
		{21CF549B-F3C3-4C1D-9589-F186493122EE} = {21CF549B-F3C3-4C1D-9589-F186493122EE}
		{8BDD054E-DA14-4E2B-8FC1-033AFA27E26B} = {8BDD054E-DA14-4E2B-8FC1-033AFA27E26B}
	EndProjectSection
EndProject
Project("{8BC9CEB8-8B4A-11D0-8D11-00A0C91BC942}") = "core", "core\core.vcxproj", "{21CF549B-F3C3-4C1D-9589-F186493122EE}"
	ProjectSection(ProjectDependencies) = postProject
		{8BDD054E-DA14-4E2B-8FC1-033AFA27E26B} = {8BDD054E-DA14-4E2B-8FC1-033AFA27E26B}
	EndProjectSection
EndProject
Project("{2150E333-8FDC-42A3-9474-1A3956D46DE8}") = "doc", "doc", "{37AB3F5E-F8E1-4C30-AD77-DBA85126DEF7}"
	ProjectSection(SolutionItems) = preProject
		doc\codingStyle.md = doc\codingStyle.md
		doc\design_aspectHashes.txt = doc\design_aspectHashes.txt
		doc\design_buildfile.txt = doc\design_buildfile.txt
		doc\design_computeExecutionHash.txt = doc\design_computeExecutionHash.txt
		doc\design_getRidOfRepoMirroring.txt = doc\design_getRidOfRepoMirroring.txt
		doc\design_multithreading.txt = doc\design_multithreading.txt
		doc\design_overview.md = doc\design_overview.md
		doc\design_sandboxing.txt = doc\design_sandboxing.txt
		doc\design_whenToAddSourceFileNodesToGraph.txt = doc\design_whenToAddSourceFileNodesToGraph.txt
		doc\design_winkin.txt = doc\design_winkin.txt
		README.md = README.md
		doc\todo.txt = doc\todo.txt
	EndProjectSection
EndProject
Project("{8BC9CEB8-8B4A-11D0-8D11-00A0C91BC942}") = "directoryWatcherDemo", "directoryWatcherDemo\directoryWatcherDemo.vcxproj", "{615A568A-BC33-4237-B358-DEA590F8E31E}"
EndProject
Project("{8BC9CEB8-8B4A-11D0-8D11-00A0C91BC942}") = "detectMemLeaks", "detectMemLeaks\detectMemLeaks.vcxproj", "{D1C0E0FB-247A-40D6-B0D4-054C2663DCC9}"
EndProject
Project("{8BC9CEB8-8B4A-11D0-8D11-00A0C91BC942}") = "testConsoleLogBook", "testConsoleLogBook\testConsoleLogBook.vcxproj", "{2F0EB85A-2952-4B35-A39A-248A86B7E53E}"
EndProject
Project("{8BC9CEB8-8B4A-11D0-8D11-00A0C91BC942}") = "yamServer", "core\yamServer\yamServer.vcxproj", "{44211AB0-D1A0-4469-A7E6-008598AD5025}"
EndProject
Project("{8BC9CEB8-8B4A-11D0-8D11-00A0C91BC942}") = "yam", "core\yam\yam.vcxproj", "{FB2A46E6-AF14-43DE-86EC-8B08B3CC5F9A}"
EndProject
Project("{8BC9CEB8-8B4A-11D0-8D11-00A0C91BC942}") = "testStringBtree", "btree\test\testStringBtree\testStringBtree.vcxproj", "{8114A933-6B5A-4F03-8C29-9AEDD5EE3FA8}"
EndProject
Project("{8BC9CEB8-8B4A-11D0-8D11-00A0C91BC942}") = "btree", "btree\btree.vcxproj", "{BCE274F0-7A63-4D67-928B-F46C0EB23326}"
EndProject
Project("{8BC9CEB8-8B4A-11D0-8D11-00A0C91BC942}") = "testPage", "btree\test\testPage\testPage.vcxproj", "{4C8F3E0E-A63E-4DAB-8371-05064185D9A0}"
EndProject
Project("{8BC9CEB8-8B4A-11D0-8D11-00A0C91BC942}") = "testBtreeIterator", "btree\test\testBtreeIterator\testBtreeIterator.vcxproj", "{C5D7EEDD-0396-4595-A5DA-F24656726769}"
EndProject
Project("{8BC9CEB8-8B4A-11D0-8D11-00A0C91BC942}") = "testStreamingBtree", "btree\test\testStreamingBtree\testStreamingBtree.vcxproj", "{8EE90C4F-3BA8-4047-BF09-427D55450C10}"
EndProject
Project("{8BC9CEB8-8B4A-11D0-8D11-00A0C91BC942}") = "testForest", "btree\test\testForest\testForest.vcxproj", "{ACB7FB25-59E5-4201-88A2-D80A5406CBDA}"
EndProject
Project("{8BC9CEB8-8B4A-11D0-8D11-00A0C91BC942}") = "testBtreeValidity", "btree\test\testBtreeValidity\testBtreeValidity.vcxproj", "{08AC3836-5201-4812-90DD-D91481834650}"
EndProject
Project("{8BC9CEB8-8B4A-11D0-8D11-00A0C91BC942}") = "testBtreePerformance", "btree\test\testBtreePerformance\testBtreePerformance.vcxproj", "{E786F1C0-5F7E-4007-AC6C-05FC4052CC2C}"
EndProject
Global
	GlobalSection(SolutionConfigurationPlatforms) = preSolution
		Debug|Any CPU = Debug|Any CPU
		Debug|x64 = Debug|x64
		Debug|x86 = Debug|x86
		Release|Any CPU = Release|Any CPU
		Release|x64 = Release|x64
		Release|x86 = Release|x86
	EndGlobalSection
	GlobalSection(ProjectConfigurationPlatforms) = postSolution
		{8BDD054E-DA14-4E2B-8FC1-033AFA27E26B}.Debug|Any CPU.ActiveCfg = Debug|x64
		{8BDD054E-DA14-4E2B-8FC1-033AFA27E26B}.Debug|Any CPU.Build.0 = Debug|x64
		{8BDD054E-DA14-4E2B-8FC1-033AFA27E26B}.Debug|x64.ActiveCfg = Debug|x64
		{8BDD054E-DA14-4E2B-8FC1-033AFA27E26B}.Debug|x64.Build.0 = Debug|x64
		{8BDD054E-DA14-4E2B-8FC1-033AFA27E26B}.Debug|x86.ActiveCfg = Debug|Win32
		{8BDD054E-DA14-4E2B-8FC1-033AFA27E26B}.Debug|x86.Build.0 = Debug|Win32
		{8BDD054E-DA14-4E2B-8FC1-033AFA27E26B}.Release|Any CPU.ActiveCfg = Release|x64
		{8BDD054E-DA14-4E2B-8FC1-033AFA27E26B}.Release|Any CPU.Build.0 = Release|x64
		{8BDD054E-DA14-4E2B-8FC1-033AFA27E26B}.Release|x64.ActiveCfg = Release|x64
		{8BDD054E-DA14-4E2B-8FC1-033AFA27E26B}.Release|x64.Build.0 = Release|x64
		{8BDD054E-DA14-4E2B-8FC1-033AFA27E26B}.Release|x86.ActiveCfg = Release|Win32
		{8BDD054E-DA14-4E2B-8FC1-033AFA27E26B}.Release|x86.Build.0 = Release|Win32
		{49F43A6D-BB47-4EF5-B4F1-6BABE6117E19}.Debug|Any CPU.ActiveCfg = Debug|x64
		{49F43A6D-BB47-4EF5-B4F1-6BABE6117E19}.Debug|Any CPU.Build.0 = Debug|x64
		{49F43A6D-BB47-4EF5-B4F1-6BABE6117E19}.Debug|x64.ActiveCfg = Debug|x64
		{49F43A6D-BB47-4EF5-B4F1-6BABE6117E19}.Debug|x64.Build.0 = Debug|x64
		{49F43A6D-BB47-4EF5-B4F1-6BABE6117E19}.Debug|x86.ActiveCfg = Debug|Win32
		{49F43A6D-BB47-4EF5-B4F1-6BABE6117E19}.Debug|x86.Build.0 = Debug|Win32
		{49F43A6D-BB47-4EF5-B4F1-6BABE6117E19}.Release|Any CPU.ActiveCfg = Release|x64
		{49F43A6D-BB47-4EF5-B4F1-6BABE6117E19}.Release|Any CPU.Build.0 = Release|x64
		{49F43A6D-BB47-4EF5-B4F1-6BABE6117E19}.Release|x64.ActiveCfg = Release|x64
		{49F43A6D-BB47-4EF5-B4F1-6BABE6117E19}.Release|x64.Build.0 = Release|x64
		{49F43A6D-BB47-4EF5-B4F1-6BABE6117E19}.Release|x86.ActiveCfg = Release|Win32
		{49F43A6D-BB47-4EF5-B4F1-6BABE6117E19}.Release|x86.Build.0 = Release|Win32
		{21CF549B-F3C3-4C1D-9589-F186493122EE}.Debug|Any CPU.ActiveCfg = Debug|x64
		{21CF549B-F3C3-4C1D-9589-F186493122EE}.Debug|Any CPU.Build.0 = Debug|x64
		{21CF549B-F3C3-4C1D-9589-F186493122EE}.Debug|x64.ActiveCfg = Debug|x64
		{21CF549B-F3C3-4C1D-9589-F186493122EE}.Debug|x64.Build.0 = Debug|x64
		{21CF549B-F3C3-4C1D-9589-F186493122EE}.Debug|x86.ActiveCfg = Debug|Win32
		{21CF549B-F3C3-4C1D-9589-F186493122EE}.Debug|x86.Build.0 = Debug|Win32
		{21CF549B-F3C3-4C1D-9589-F186493122EE}.Release|Any CPU.ActiveCfg = Release|x64
		{21CF549B-F3C3-4C1D-9589-F186493122EE}.Release|Any CPU.Build.0 = Release|x64
		{21CF549B-F3C3-4C1D-9589-F186493122EE}.Release|x64.ActiveCfg = Release|x64
		{21CF549B-F3C3-4C1D-9589-F186493122EE}.Release|x64.Build.0 = Release|x64
		{21CF549B-F3C3-4C1D-9589-F186493122EE}.Release|x86.ActiveCfg = Release|Win32
		{21CF549B-F3C3-4C1D-9589-F186493122EE}.Release|x86.Build.0 = Release|Win32
		{615A568A-BC33-4237-B358-DEA590F8E31E}.Debug|Any CPU.ActiveCfg = Debug|x64
		{615A568A-BC33-4237-B358-DEA590F8E31E}.Debug|Any CPU.Build.0 = Debug|x64
		{615A568A-BC33-4237-B358-DEA590F8E31E}.Debug|x64.ActiveCfg = Debug|x64
		{615A568A-BC33-4237-B358-DEA590F8E31E}.Debug|x64.Build.0 = Debug|x64
		{615A568A-BC33-4237-B358-DEA590F8E31E}.Debug|x86.ActiveCfg = Debug|Win32
		{615A568A-BC33-4237-B358-DEA590F8E31E}.Debug|x86.Build.0 = Debug|Win32
		{615A568A-BC33-4237-B358-DEA590F8E31E}.Release|Any CPU.ActiveCfg = Release|x64
		{615A568A-BC33-4237-B358-DEA590F8E31E}.Release|Any CPU.Build.0 = Release|x64
		{615A568A-BC33-4237-B358-DEA590F8E31E}.Release|x64.ActiveCfg = Release|x64
		{615A568A-BC33-4237-B358-DEA590F8E31E}.Release|x64.Build.0 = Release|x64
		{615A568A-BC33-4237-B358-DEA590F8E31E}.Release|x86.ActiveCfg = Release|Win32
		{615A568A-BC33-4237-B358-DEA590F8E31E}.Release|x86.Build.0 = Release|Win32
		{D1C0E0FB-247A-40D6-B0D4-054C2663DCC9}.Debug|Any CPU.ActiveCfg = Debug|x64
		{D1C0E0FB-247A-40D6-B0D4-054C2663DCC9}.Debug|Any CPU.Build.0 = Debug|x64
		{D1C0E0FB-247A-40D6-B0D4-054C2663DCC9}.Debug|x64.ActiveCfg = Debug|x64
		{D1C0E0FB-247A-40D6-B0D4-054C2663DCC9}.Debug|x64.Build.0 = Debug|x64
		{D1C0E0FB-247A-40D6-B0D4-054C2663DCC9}.Debug|x86.ActiveCfg = Debug|Win32
		{D1C0E0FB-247A-40D6-B0D4-054C2663DCC9}.Debug|x86.Build.0 = Debug|Win32
		{D1C0E0FB-247A-40D6-B0D4-054C2663DCC9}.Release|Any CPU.ActiveCfg = Release|x64
		{D1C0E0FB-247A-40D6-B0D4-054C2663DCC9}.Release|Any CPU.Build.0 = Release|x64
		{D1C0E0FB-247A-40D6-B0D4-054C2663DCC9}.Release|x64.ActiveCfg = Release|x64
		{D1C0E0FB-247A-40D6-B0D4-054C2663DCC9}.Release|x64.Build.0 = Release|x64
		{D1C0E0FB-247A-40D6-B0D4-054C2663DCC9}.Release|x86.ActiveCfg = Release|Win32
		{D1C0E0FB-247A-40D6-B0D4-054C2663DCC9}.Release|x86.Build.0 = Release|Win32
		{2F0EB85A-2952-4B35-A39A-248A86B7E53E}.Debug|Any CPU.ActiveCfg = Debug|x64
		{2F0EB85A-2952-4B35-A39A-248A86B7E53E}.Debug|Any CPU.Build.0 = Debug|x64
		{2F0EB85A-2952-4B35-A39A-248A86B7E53E}.Debug|x64.ActiveCfg = Debug|x64
		{2F0EB85A-2952-4B35-A39A-248A86B7E53E}.Debug|x64.Build.0 = Debug|x64
		{2F0EB85A-2952-4B35-A39A-248A86B7E53E}.Debug|x86.ActiveCfg = Debug|Win32
		{2F0EB85A-2952-4B35-A39A-248A86B7E53E}.Debug|x86.Build.0 = Debug|Win32
		{2F0EB85A-2952-4B35-A39A-248A86B7E53E}.Release|Any CPU.ActiveCfg = Release|x64
		{2F0EB85A-2952-4B35-A39A-248A86B7E53E}.Release|Any CPU.Build.0 = Release|x64
		{2F0EB85A-2952-4B35-A39A-248A86B7E53E}.Release|x64.ActiveCfg = Release|x64
		{2F0EB85A-2952-4B35-A39A-248A86B7E53E}.Release|x64.Build.0 = Release|x64
		{2F0EB85A-2952-4B35-A39A-248A86B7E53E}.Release|x86.ActiveCfg = Release|Win32
		{2F0EB85A-2952-4B35-A39A-248A86B7E53E}.Release|x86.Build.0 = Release|Win32
		{44211AB0-D1A0-4469-A7E6-008598AD5025}.Debug|Any CPU.ActiveCfg = Debug|x64
		{44211AB0-D1A0-4469-A7E6-008598AD5025}.Debug|Any CPU.Build.0 = Debug|x64
		{44211AB0-D1A0-4469-A7E6-008598AD5025}.Debug|x64.ActiveCfg = Debug|x64
		{44211AB0-D1A0-4469-A7E6-008598AD5025}.Debug|x64.Build.0 = Debug|x64
		{44211AB0-D1A0-4469-A7E6-008598AD5025}.Debug|x86.ActiveCfg = Debug|Win32
		{44211AB0-D1A0-4469-A7E6-008598AD5025}.Debug|x86.Build.0 = Debug|Win32
		{44211AB0-D1A0-4469-A7E6-008598AD5025}.Release|Any CPU.ActiveCfg = Release|x64
		{44211AB0-D1A0-4469-A7E6-008598AD5025}.Release|Any CPU.Build.0 = Release|x64
		{44211AB0-D1A0-4469-A7E6-008598AD5025}.Release|x64.ActiveCfg = Release|x64
		{44211AB0-D1A0-4469-A7E6-008598AD5025}.Release|x64.Build.0 = Release|x64
		{44211AB0-D1A0-4469-A7E6-008598AD5025}.Release|x86.ActiveCfg = Release|Win32
		{44211AB0-D1A0-4469-A7E6-008598AD5025}.Release|x86.Build.0 = Release|Win32
		{FB2A46E6-AF14-43DE-86EC-8B08B3CC5F9A}.Debug|Any CPU.ActiveCfg = Debug|x64
		{FB2A46E6-AF14-43DE-86EC-8B08B3CC5F9A}.Debug|Any CPU.Build.0 = Debug|x64
		{FB2A46E6-AF14-43DE-86EC-8B08B3CC5F9A}.Debug|x64.ActiveCfg = Debug|x64
		{FB2A46E6-AF14-43DE-86EC-8B08B3CC5F9A}.Debug|x64.Build.0 = Debug|x64
		{FB2A46E6-AF14-43DE-86EC-8B08B3CC5F9A}.Debug|x86.ActiveCfg = Debug|x64
		{FB2A46E6-AF14-43DE-86EC-8B08B3CC5F9A}.Debug|x86.Build.0 = Debug|x64
		{FB2A46E6-AF14-43DE-86EC-8B08B3CC5F9A}.Release|Any CPU.ActiveCfg = Release|x64
		{FB2A46E6-AF14-43DE-86EC-8B08B3CC5F9A}.Release|Any CPU.Build.0 = Release|x64
		{FB2A46E6-AF14-43DE-86EC-8B08B3CC5F9A}.Release|x64.ActiveCfg = Release|x64
		{FB2A46E6-AF14-43DE-86EC-8B08B3CC5F9A}.Release|x64.Build.0 = Release|x64
		{FB2A46E6-AF14-43DE-86EC-8B08B3CC5F9A}.Release|x86.ActiveCfg = Release|x64
		{FB2A46E6-AF14-43DE-86EC-8B08B3CC5F9A}.Release|x86.Build.0 = Release|x64
		{8114A933-6B5A-4F03-8C29-9AEDD5EE3FA8}.Debug|Any CPU.ActiveCfg = Debug|x64
		{8114A933-6B5A-4F03-8C29-9AEDD5EE3FA8}.Debug|Any CPU.Build.0 = Debug|x64
		{8114A933-6B5A-4F03-8C29-9AEDD5EE3FA8}.Debug|x64.ActiveCfg = Debug|x64
		{8114A933-6B5A-4F03-8C29-9AEDD5EE3FA8}.Debug|x64.Build.0 = Debug|x64
		{8114A933-6B5A-4F03-8C29-9AEDD5EE3FA8}.Debug|x86.ActiveCfg = Debug|Win32
		{8114A933-6B5A-4F03-8C29-9AEDD5EE3FA8}.Debug|x86.Build.0 = Debug|Win32
		{8114A933-6B5A-4F03-8C29-9AEDD5EE3FA8}.Release|Any CPU.ActiveCfg = Release|x64
		{8114A933-6B5A-4F03-8C29-9AEDD5EE3FA8}.Release|Any CPU.Build.0 = Release|x64
		{8114A933-6B5A-4F03-8C29-9AEDD5EE3FA8}.Release|x64.ActiveCfg = Release|x64
		{8114A933-6B5A-4F03-8C29-9AEDD5EE3FA8}.Release|x64.Build.0 = Release|x64
		{8114A933-6B5A-4F03-8C29-9AEDD5EE3FA8}.Release|x86.ActiveCfg = Release|Win32
		{8114A933-6B5A-4F03-8C29-9AEDD5EE3FA8}.Release|x86.Build.0 = Release|Win32
		{BCE274F0-7A63-4D67-928B-F46C0EB23326}.Debug|Any CPU.ActiveCfg = Debug|x64
		{BCE274F0-7A63-4D67-928B-F46C0EB23326}.Debug|Any CPU.Build.0 = Debug|x64
		{BCE274F0-7A63-4D67-928B-F46C0EB23326}.Debug|x64.ActiveCfg = Debug|x64
		{BCE274F0-7A63-4D67-928B-F46C0EB23326}.Debug|x64.Build.0 = Debug|x64
		{BCE274F0-7A63-4D67-928B-F46C0EB23326}.Debug|x86.ActiveCfg = Debug|Win32
		{BCE274F0-7A63-4D67-928B-F46C0EB23326}.Debug|x86.Build.0 = Debug|Win32
		{BCE274F0-7A63-4D67-928B-F46C0EB23326}.Release|Any CPU.ActiveCfg = Release|x64
		{BCE274F0-7A63-4D67-928B-F46C0EB23326}.Release|Any CPU.Build.0 = Release|x64
		{BCE274F0-7A63-4D67-928B-F46C0EB23326}.Release|x64.ActiveCfg = Release|x64
		{BCE274F0-7A63-4D67-928B-F46C0EB23326}.Release|x64.Build.0 = Release|x64
		{BCE274F0-7A63-4D67-928B-F46C0EB23326}.Release|x86.ActiveCfg = Release|Win32
		{BCE274F0-7A63-4D67-928B-F46C0EB23326}.Release|x86.Build.0 = Release|Win32
		{4C8F3E0E-A63E-4DAB-8371-05064185D9A0}.Debug|Any CPU.ActiveCfg = Debug|x64
		{4C8F3E0E-A63E-4DAB-8371-05064185D9A0}.Debug|Any CPU.Build.0 = Debug|x64
		{4C8F3E0E-A63E-4DAB-8371-05064185D9A0}.Debug|x64.ActiveCfg = Debug|x64
		{4C8F3E0E-A63E-4DAB-8371-05064185D9A0}.Debug|x64.Build.0 = Debug|x64
		{4C8F3E0E-A63E-4DAB-8371-05064185D9A0}.Debug|x86.ActiveCfg = Debug|Win32
		{4C8F3E0E-A63E-4DAB-8371-05064185D9A0}.Debug|x86.Build.0 = Debug|Win32
		{4C8F3E0E-A63E-4DAB-8371-05064185D9A0}.Release|Any CPU.ActiveCfg = Release|x64
		{4C8F3E0E-A63E-4DAB-8371-05064185D9A0}.Release|Any CPU.Build.0 = Release|x64
		{4C8F3E0E-A63E-4DAB-8371-05064185D9A0}.Release|x64.ActiveCfg = Release|x64
		{4C8F3E0E-A63E-4DAB-8371-05064185D9A0}.Release|x64.Build.0 = Release|x64
		{4C8F3E0E-A63E-4DAB-8371-05064185D9A0}.Release|x86.ActiveCfg = Release|Win32
		{4C8F3E0E-A63E-4DAB-8371-05064185D9A0}.Release|x86.Build.0 = Release|Win32
		{C5D7EEDD-0396-4595-A5DA-F24656726769}.Debug|Any CPU.ActiveCfg = Debug|x64
		{C5D7EEDD-0396-4595-A5DA-F24656726769}.Debug|Any CPU.Build.0 = Debug|x64
		{C5D7EEDD-0396-4595-A5DA-F24656726769}.Debug|x64.ActiveCfg = Debug|x64
		{C5D7EEDD-0396-4595-A5DA-F24656726769}.Debug|x64.Build.0 = Debug|x64
		{C5D7EEDD-0396-4595-A5DA-F24656726769}.Debug|x86.ActiveCfg = Debug|Win32
		{C5D7EEDD-0396-4595-A5DA-F24656726769}.Debug|x86.Build.0 = Debug|Win32
		{C5D7EEDD-0396-4595-A5DA-F24656726769}.Release|Any CPU.ActiveCfg = Release|x64
		{C5D7EEDD-0396-4595-A5DA-F24656726769}.Release|Any CPU.Build.0 = Release|x64
		{C5D7EEDD-0396-4595-A5DA-F24656726769}.Release|x64.ActiveCfg = Release|x64
		{C5D7EEDD-0396-4595-A5DA-F24656726769}.Release|x64.Build.0 = Release|x64
		{C5D7EEDD-0396-4595-A5DA-F24656726769}.Release|x86.ActiveCfg = Release|Win32
		{C5D7EEDD-0396-4595-A5DA-F24656726769}.Release|x86.Build.0 = Release|Win32
		{8EE90C4F-3BA8-4047-BF09-427D55450C10}.Debug|Any CPU.ActiveCfg = Debug|x64
		{8EE90C4F-3BA8-4047-BF09-427D55450C10}.Debug|Any CPU.Build.0 = Debug|x64
		{8EE90C4F-3BA8-4047-BF09-427D55450C10}.Debug|x64.ActiveCfg = Debug|x64
		{8EE90C4F-3BA8-4047-BF09-427D55450C10}.Debug|x64.Build.0 = Debug|x64
		{8EE90C4F-3BA8-4047-BF09-427D55450C10}.Debug|x86.ActiveCfg = Debug|Win32
		{8EE90C4F-3BA8-4047-BF09-427D55450C10}.Debug|x86.Build.0 = Debug|Win32
		{8EE90C4F-3BA8-4047-BF09-427D55450C10}.Release|Any CPU.ActiveCfg = Release|x64
		{8EE90C4F-3BA8-4047-BF09-427D55450C10}.Release|Any CPU.Build.0 = Release|x64
		{8EE90C4F-3BA8-4047-BF09-427D55450C10}.Release|x64.ActiveCfg = Release|x64
		{8EE90C4F-3BA8-4047-BF09-427D55450C10}.Release|x64.Build.0 = Release|x64
		{8EE90C4F-3BA8-4047-BF09-427D55450C10}.Release|x86.ActiveCfg = Release|Win32
		{8EE90C4F-3BA8-4047-BF09-427D55450C10}.Release|x86.Build.0 = Release|Win32
		{ACB7FB25-59E5-4201-88A2-D80A5406CBDA}.Debug|Any CPU.ActiveCfg = Debug|x64
		{ACB7FB25-59E5-4201-88A2-D80A5406CBDA}.Debug|Any CPU.Build.0 = Debug|x64
		{ACB7FB25-59E5-4201-88A2-D80A5406CBDA}.Debug|x64.ActiveCfg = Debug|x64
		{ACB7FB25-59E5-4201-88A2-D80A5406CBDA}.Debug|x64.Build.0 = Debug|x64
		{ACB7FB25-59E5-4201-88A2-D80A5406CBDA}.Debug|x86.ActiveCfg = Debug|Win32
		{ACB7FB25-59E5-4201-88A2-D80A5406CBDA}.Debug|x86.Build.0 = Debug|Win32
		{ACB7FB25-59E5-4201-88A2-D80A5406CBDA}.Release|Any CPU.ActiveCfg = Release|x64
		{ACB7FB25-59E5-4201-88A2-D80A5406CBDA}.Release|Any CPU.Build.0 = Release|x64
		{ACB7FB25-59E5-4201-88A2-D80A5406CBDA}.Release|x64.ActiveCfg = Release|x64
		{ACB7FB25-59E5-4201-88A2-D80A5406CBDA}.Release|x64.Build.0 = Release|x64
		{ACB7FB25-59E5-4201-88A2-D80A5406CBDA}.Release|x86.ActiveCfg = Release|Win32
		{ACB7FB25-59E5-4201-88A2-D80A5406CBDA}.Release|x86.Build.0 = Release|Win32
		{08AC3836-5201-4812-90DD-D91481834650}.Debug|Any CPU.ActiveCfg = Debug|x64
		{08AC3836-5201-4812-90DD-D91481834650}.Debug|Any CPU.Build.0 = Debug|x64
		{08AC3836-5201-4812-90DD-D91481834650}.Debug|x64.ActiveCfg = Debug|x64
		{08AC3836-5201-4812-90DD-D91481834650}.Debug|x64.Build.0 = Debug|x64
		{08AC3836-5201-4812-90DD-D91481834650}.Debug|x86.ActiveCfg = Debug|Win32
		{08AC3836-5201-4812-90DD-D91481834650}.Debug|x86.Build.0 = Debug|Win32
		{08AC3836-5201-4812-90DD-D91481834650}.Release|Any CPU.ActiveCfg = Release|x64
		{08AC3836-5201-4812-90DD-D91481834650}.Release|Any CPU.Build.0 = Release|x64
		{08AC3836-5201-4812-90DD-D91481834650}.Release|x64.ActiveCfg = Release|x64
		{08AC3836-5201-4812-90DD-D91481834650}.Release|x64.Build.0 = Release|x64
		{08AC3836-5201-4812-90DD-D91481834650}.Release|x86.ActiveCfg = Release|Win32
		{08AC3836-5201-4812-90DD-D91481834650}.Release|x86.Build.0 = Release|Win32
		{E786F1C0-5F7E-4007-AC6C-05FC4052CC2C}.Debug|Any CPU.ActiveCfg = Debug|x64
		{E786F1C0-5F7E-4007-AC6C-05FC4052CC2C}.Debug|Any CPU.Build.0 = Debug|x64
		{E786F1C0-5F7E-4007-AC6C-05FC4052CC2C}.Debug|x64.ActiveCfg = Debug|x64
		{E786F1C0-5F7E-4007-AC6C-05FC4052CC2C}.Debug|x64.Build.0 = Debug|x64
		{E786F1C0-5F7E-4007-AC6C-05FC4052CC2C}.Debug|x86.ActiveCfg = Debug|Win32
		{E786F1C0-5F7E-4007-AC6C-05FC4052CC2C}.Debug|x86.Build.0 = Debug|Win32
		{E786F1C0-5F7E-4007-AC6C-05FC4052CC2C}.Release|Any CPU.ActiveCfg = Release|x64
		{E786F1C0-5F7E-4007-AC6C-05FC4052CC2C}.Release|Any CPU.Build.0 = Release|x64
		{E786F1C0-5F7E-4007-AC6C-05FC4052CC2C}.Release|x64.ActiveCfg = Release|x64
		{E786F1C0-5F7E-4007-AC6C-05FC4052CC2C}.Release|x64.Build.0 = Release|x64
		{E786F1C0-5F7E-4007-AC6C-05FC4052CC2C}.Release|x86.ActiveCfg = Release|Win32
		{E786F1C0-5F7E-4007-AC6C-05FC4052CC2C}.Release|x86.Build.0 = Release|Win32
	EndGlobalSection
	GlobalSection(SolutionProperties) = preSolution
		HideSolutionNode = FALSE
	EndGlobalSection
	GlobalSection(ExtensibilityGlobals) = postSolution
		SolutionGuid = {95F1319A-3CD7-4B2A-A32A-AE48D11B14EB}
	EndGlobalSection
EndGlobal
